
Microsoft Visual Studio Solution File, Format Version 12.00
# Visual Studio Version 16
VisualStudioVersion = 16.0.31911.196
MinimumVisualStudioVersion = 10.0.40219.1
Project("{9A19103F-16F7-4668-BE54-9A1E7A4F7556}") = "Tweet-Book", "Tweet-Book\Tweet-Book.csproj", "{213C552D-1D40-438F-ADEE-41B0F5B149F2}"
EndProject
Project("{9A19103F-16F7-4668-BE54-9A1E7A4F7556}") = "Tweet-Book.IntegrationTests", "Tweet-Book.IntegrationTests\Tweet-Book.IntegrationTests.csproj", "{32B364B3-7D93-448F-A3DB-257853F97641}"
EndProject
Project("{FAE04EC0-301F-11D3-BF4B-00C04F79EFBC}") = "Tweet-Book.Sdk", "Tweet-Book.Sdk\Tweet-Book.Sdk.csproj", "{06E6E5B0-268C-4F5C-8CE5-30D373B3744A}"
EndProject
Project("{FAE04EC0-301F-11D3-BF4B-00C04F79EFBC}") = "Tweet-book.Contracts", "Tweet-book.Contracts\Tweet-book.Contracts.csproj", "{CCB71B76-7BEB-4F25-BAA7-0A742B91E698}"
EndProject
Project("{FAE04EC0-301F-11D3-BF4B-00C04F79EFBC}") = "Tweet-book.Sample", "Tweet-book.Sample\Tweet-book.Sample.csproj", "{BF080329-7BFC-4A3A-B634-DE9390B0D94A}"
EndProject
Global
	GlobalSection(SolutionConfigurationPlatforms) = preSolution
		Debug|Any CPU = Debug|Any CPU
		Release|Any CPU = Release|Any CPU
	EndGlobalSection
	GlobalSection(ProjectConfigurationPlatforms) = postSolution
		{213C552D-1D40-438F-ADEE-41B0F5B149F2}.Debug|Any CPU.ActiveCfg = Debug|Any CPU
		{213C552D-1D40-438F-ADEE-41B0F5B149F2}.Debug|Any CPU.Build.0 = Debug|Any CPU
		{213C552D-1D40-438F-ADEE-41B0F5B149F2}.Release|Any CPU.ActiveCfg = Release|Any CPU
		{213C552D-1D40-438F-ADEE-41B0F5B149F2}.Release|Any CPU.Build.0 = Release|Any CPU
		{32B364B3-7D93-448F-A3DB-257853F97641}.Debug|Any CPU.ActiveCfg = Debug|Any CPU
		{32B364B3-7D93-448F-A3DB-257853F97641}.Debug|Any CPU.Build.0 = Debug|Any CPU
		{32B364B3-7D93-448F-A3DB-257853F97641}.Release|Any CPU.ActiveCfg = Release|Any CPU
		{32B364B3-7D93-448F-A3DB-257853F97641}.Release|Any CPU.Build.0 = Release|Any CPU
		{06E6E5B0-268C-4F5C-8CE5-30D373B3744A}.Debug|Any CPU.ActiveCfg = Debug|Any CPU
		{06E6E5B0-268C-4F5C-8CE5-30D373B3744A}.Debug|Any CPU.Build.0 = Debug|Any CPU
		{06E6E5B0-268C-4F5C-8CE5-30D373B3744A}.Release|Any CPU.ActiveCfg = Release|Any CPU
		{06E6E5B0-268C-4F5C-8CE5-30D373B3744A}.Release|Any CPU.Build.0 = Release|Any CPU
		{CCB71B76-7BEB-4F25-BAA7-0A742B91E698}.Debug|Any CPU.ActiveCfg = Debug|Any CPU
		{CCB71B76-7BEB-4F25-BAA7-0A742B91E698}.Debug|Any CPU.Build.0 = Debug|Any CPU
		{CCB71B76-7BEB-4F25-BAA7-0A742B91E698}.Release|Any CPU.ActiveCfg = Release|Any CPU
		{CCB71B76-7BEB-4F25-BAA7-0A742B91E698}.Release|Any CPU.Build.0 = Release|Any CPU
		{BF080329-7BFC-4A3A-B634-DE9390B0D94A}.Debug|Any CPU.ActiveCfg = Debug|Any CPU
		{BF080329-7BFC-4A3A-B634-DE9390B0D94A}.Debug|Any CPU.Build.0 = Debug|Any CPU
		{BF080329-7BFC-4A3A-B634-DE9390B0D94A}.Release|Any CPU.ActiveCfg = Release|Any CPU
		{BF080329-7BFC-4A3A-B634-DE9390B0D94A}.Release|Any CPU.Build.0 = Release|Any CPU
	EndGlobalSection
	GlobalSection(SolutionProperties) = preSolution
		HideSolutionNode = FALSE
	EndGlobalSection
	GlobalSection(ExtensibilityGlobals) = postSolution
		SolutionGuid = {6C0919C3-5A2B-482F-A8E0-2432B638C512}
	EndGlobalSection
EndGlobal
